{
  "name": "admin",
  "version": "1.0.0",
  "lockfileVersion": 1,
  "requires": true,
  "dependencies": {
    "bootstrap": {
      "version": "3.3.7",
      "resolved": "https://registry.npmjs.org/bootstrap/-/bootstrap-3.3.7.tgz",
      "integrity": "sha1-WjiTlFSfIzMIdaOxUGVldPip63E="
    },
    "jquery": {
      "version": "3.2.1",
      "resolved": "https://registry.npmjs.org/jquery/-/jquery-3.2.1.tgz",
      "integrity": "sha1-XE2d5lKvbNCncBVKYxu6ErAVx4c="
    },
    "pnotify": {
      "version": "3.2.1",
      "resolved": "https://registry.npmjs.org/pnotify/-/pnotify-3.2.1.tgz",
      "integrity": "sha512-SC1Ey++5TAn3K1khjmGg0YBt0mdE5ygtQYodzczOLoQ9gImpuRzye0fWqbbodfj/C1UZvnU96Yt6pMJpNzYhpA==",
      "requires": {
        "jquery": "3.2.1"
      }
    },
    "summernote": {
      "version": "0.8.8",
      "resolved": "https://registry.npmjs.org/summernote/-/summernote-0.8.8.tgz",
      "integrity": "sha1-MkT/lF5awWcFGdSwxBjkA0Ecrj4=",
      "requires": {
        "bootstrap": "3.3.7"
      }
    }
  }
}
